
Microsoft Visual Studio Solution File, Format Version 12.00
# Visual Studio Version 16
VisualStudioVersion = 16.0.31025.194
MinimumVisualStudioVersion = 10.0.40219.1
Project("{FAE04EC0-301F-11D3-BF4B-00C04F79EFBC}") = "AppSeller", "AppSeller\AppSeller.csproj", "{14D679DD-70BC-42BE-AD2F-E111EAEDB11E}"
EndProject
Project("{FAE04EC0-301F-11D3-BF4B-00C04F79EFBC}") = "AppSeller.Models", "AppSeller.Models\AppSeller.Models.csproj", "{AF25BD4C-32E3-47C3-B1E7-7688104FDA8E}"
EndProject
Project("{FAE04EC0-301F-11D3-BF4B-00C04F79EFBC}") = "AppSeller.Data", "AppSeller.Data\AppSeller.Data.csproj", "{36DE0F8D-D3C8-419E-A64C-108FA6724CF9}"
EndProject
Global
	GlobalSection(SolutionConfigurationPlatforms) = preSolution
		Debug|Any CPU = Debug|Any CPU
		Release|Any CPU = Release|Any CPU
	EndGlobalSection
	GlobalSection(ProjectConfigurationPlatforms) = postSolution
		{14D679DD-70BC-42BE-AD2F-E111EAEDB11E}.Debug|Any CPU.ActiveCfg = Debug|Any CPU
		{14D679DD-70BC-42BE-AD2F-E111EAEDB11E}.Debug|Any CPU.Build.0 = Debug|Any CPU
		{14D679DD-70BC-42BE-AD2F-E111EAEDB11E}.Release|Any CPU.ActiveCfg = Release|Any CPU
		{14D679DD-70BC-42BE-AD2F-E111EAEDB11E}.Release|Any CPU.Build.0 = Release|Any CPU
		{AF25BD4C-32E3-47C3-B1E7-7688104FDA8E}.Debug|Any CPU.ActiveCfg = Debug|Any CPU
		{AF25BD4C-32E3-47C3-B1E7-7688104FDA8E}.Debug|Any CPU.Build.0 = Debug|Any CPU
		{AF25BD4C-32E3-47C3-B1E7-7688104FDA8E}.Release|Any CPU.ActiveCfg = Release|Any CPU
		{AF25BD4C-32E3-47C3-B1E7-7688104FDA8E}.Release|Any CPU.Build.0 = Release|Any CPU
		{36DE0F8D-D3C8-419E-A64C-108FA6724CF9}.Debug|Any CPU.ActiveCfg = Debug|Any CPU
		{36DE0F8D-D3C8-419E-A64C-108FA6724CF9}.Debug|Any CPU.Build.0 = Debug|Any CPU
		{36DE0F8D-D3C8-419E-A64C-108FA6724CF9}.Release|Any CPU.ActiveCfg = Release|Any CPU
		{36DE0F8D-D3C8-419E-A64C-108FA6724CF9}.Release|Any CPU.Build.0 = Release|Any CPU
	EndGlobalSection
	GlobalSection(SolutionProperties) = preSolution
		HideSolutionNode = FALSE
	EndGlobalSection
	GlobalSection(ExtensibilityGlobals) = postSolution
		SolutionGuid = {7A902FAB-D3CC-4665-B58F-667915A7E554}
	EndGlobalSection
EndGlobal
